
Microsoft Visual Studio Solution File, Format Version 12.00
# Visual Studio Version 17
VisualStudioVersion = 17.0.31717.71
MinimumVisualStudioVersion = 10.0.40219.1
Project("{9A19103F-16F7-4668-BE54-9A1E7A4F7556}") = "Cake.Bakery", "Cake.Bakery\Cake.Bakery.csproj", "{121DB3A6-CF66-4A9C-8CBE-0D77C9F43BA0}"
EndProject
Project("{9A19103F-16F7-4668-BE54-9A1E7A4F7556}") = "Cake.Scripting", "Cake.Scripting\Cake.Scripting.csproj", "{449B5DB5-6772-4601-9976-9BD4CBDBAC8F}"
EndProject
Project("{9A19103F-16F7-4668-BE54-9A1E7A4F7556}") = "Cake.Scripting.Tests", "Cake.Scripting.Tests\Cake.Scripting.Tests.csproj", "{0C65770C-8A9D-4BEF-B42E-B75F3F1521BE}"
EndProject
Project("{9A19103F-16F7-4668-BE54-9A1E7A4F7556}") = "Cake.Bakery.Tests", "Cake.Bakery.Tests\Cake.Bakery.Tests.csproj", "{46980627-657B-4075-928F-1143A20DEC6C}"
EndProject
Project("{9A19103F-16F7-4668-BE54-9A1E7A4F7556}") = "Cake.Scripting.Abstractions", "Cake.Scripting.Abstractions\Cake.Scripting.Abstractions.csproj", "{55A9E6D5-3420-4641-8B27-2CA80A74F813}"
EndProject
Project("{9A19103F-16F7-4668-BE54-9A1E7A4F7556}") = "Cake.Scripting.Transport", "Cake.Scripting.Transport\Cake.Scripting.Transport.csproj", "{20EE22C2-6C99-4896-BCE5-2840218C5AAB}"
EndProject
Project("{9A19103F-16F7-4668-BE54-9A1E7A4F7556}") = "Cake.Scripting.Transport.Tests", "Cake.Scripting.Transport.Tests\Cake.Scripting.Transport.Tests.csproj", "{9F448FB9-7A89-4EAA-B748-6046CB1330A9}"
EndProject
Project("{2150E333-8FDC-42A3-9474-1A3956D46DE8}") = "Solution Files", "Solution Files", "{F346C211-5B5E-4DFD-84CB-FE37C74DCE27}"
	ProjectSection(SolutionItems) = preProject
		NuGet.config = NuGet.config
		Shared.props = Shared.props
	EndProjectSection
EndProject
Project("{9A19103F-16F7-4668-BE54-9A1E7A4F7556}") = "Cake.Bakery.Tests.Integration", "..\tests\integration\Cake.Bakery.Tests.Integration.csproj", "{E4F3C9AD-C2AF-43F8-B26C-66EAB2D51321}"
EndProject
Project("{2150E333-8FDC-42A3-9474-1A3956D46DE8}") = "Tests", "Tests", "{A90ECBAF-7DCA-476C-BDFF-9893C20232CD}"
EndProject
Global
	GlobalSection(SolutionConfigurationPlatforms) = preSolution
		Debug|Any CPU = Debug|Any CPU
		Debug|x64 = Debug|x64
		Debug|x86 = Debug|x86
		Release|Any CPU = Release|Any CPU
		Release|x64 = Release|x64
		Release|x86 = Release|x86
	EndGlobalSection
	GlobalSection(ProjectConfigurationPlatforms) = postSolution
		{121DB3A6-CF66-4A9C-8CBE-0D77C9F43BA0}.Debug|Any CPU.ActiveCfg = Debug|Any CPU
		{121DB3A6-CF66-4A9C-8CBE-0D77C9F43BA0}.Debug|Any CPU.Build.0 = Debug|Any CPU
		{121DB3A6-CF66-4A9C-8CBE-0D77C9F43BA0}.Debug|x64.ActiveCfg = Debug|Any CPU
		{121DB3A6-CF66-4A9C-8CBE-0D77C9F43BA0}.Debug|x64.Build.0 = Debug|Any CPU
		{121DB3A6-CF66-4A9C-8CBE-0D77C9F43BA0}.Debug|x86.ActiveCfg = Debug|Any CPU
		{121DB3A6-CF66-4A9C-8CBE-0D77C9F43BA0}.Debug|x86.Build.0 = Debug|Any CPU
		{121DB3A6-CF66-4A9C-8CBE-0D77C9F43BA0}.Release|Any CPU.ActiveCfg = Release|Any CPU
		{121DB3A6-CF66-4A9C-8CBE-0D77C9F43BA0}.Release|Any CPU.Build.0 = Release|Any CPU
		{121DB3A6-CF66-4A9C-8CBE-0D77C9F43BA0}.Release|x64.ActiveCfg = Release|Any CPU
		{121DB3A6-CF66-4A9C-8CBE-0D77C9F43BA0}.Release|x64.Build.0 = Release|Any CPU
		{121DB3A6-CF66-4A9C-8CBE-0D77C9F43BA0}.Release|x86.ActiveCfg = Release|Any CPU
		{121DB3A6-CF66-4A9C-8CBE-0D77C9F43BA0}.Release|x86.Build.0 = Release|Any CPU
		{449B5DB5-6772-4601-9976-9BD4CBDBAC8F}.Debug|Any CPU.ActiveCfg = Debug|Any CPU
		{449B5DB5-6772-4601-9976-9BD4CBDBAC8F}.Debug|Any CPU.Build.0 = Debug|Any CPU
		{449B5DB5-6772-4601-9976-9BD4CBDBAC8F}.Debug|x64.ActiveCfg = Debug|Any CPU
		{449B5DB5-6772-4601-9976-9BD4CBDBAC8F}.Debug|x64.Build.0 = Debug|Any CPU
		{449B5DB5-6772-4601-9976-9BD4CBDBAC8F}.Debug|x86.ActiveCfg = Debug|Any CPU
		{449B5DB5-6772-4601-9976-9BD4CBDBAC8F}.Debug|x86.Build.0 = Debug|Any CPU
		{449B5DB5-6772-4601-9976-9BD4CBDBAC8F}.Release|Any CPU.ActiveCfg = Release|Any CPU
		{449B5DB5-6772-4601-9976-9BD4CBDBAC8F}.Release|Any CPU.Build.0 = Release|Any CPU
		{449B5DB5-6772-4601-9976-9BD4CBDBAC8F}.Release|x64.ActiveCfg = Release|Any CPU
		{449B5DB5-6772-4601-9976-9BD4CBDBAC8F}.Release|x64.Build.0 = Release|Any CPU
		{449B5DB5-6772-4601-9976-9BD4CBDBAC8F}.Release|x86.ActiveCfg = Release|Any CPU
		{449B5DB5-6772-4601-9976-9BD4CBDBAC8F}.Release|x86.Build.0 = Release|Any CPU
		{0C65770C-8A9D-4BEF-B42E-B75F3F1521BE}.Debug|Any CPU.ActiveCfg = Debug|Any CPU
		{0C65770C-8A9D-4BEF-B42E-B75F3F1521BE}.Debug|Any CPU.Build.0 = Debug|Any CPU
		{0C65770C-8A9D-4BEF-B42E-B75F3F1521BE}.Debug|x64.ActiveCfg = Debug|Any CPU
		{0C65770C-8A9D-4BEF-B42E-B75F3F1521BE}.Debug|x64.Build.0 = Debug|Any CPU
		{0C65770C-8A9D-4BEF-B42E-B75F3F1521BE}.Debug|x86.ActiveCfg = Debug|Any CPU
		{0C65770C-8A9D-4BEF-B42E-B75F3F1521BE}.Debug|x86.Build.0 = Debug|Any CPU
		{0C65770C-8A9D-4BEF-B42E-B75F3F1521BE}.Release|Any CPU.ActiveCfg = Release|Any CPU
		{0C65770C-8A9D-4BEF-B42E-B75F3F1521BE}.Release|Any CPU.Build.0 = Release|Any CPU
		{0C65770C-8A9D-4BEF-B42E-B75F3F1521BE}.Release|x64.ActiveCfg = Release|Any CPU
		{0C65770C-8A9D-4BEF-B42E-B75F3F1521BE}.Release|x64.Build.0 = Release|Any CPU
		{0C65770C-8A9D-4BEF-B42E-B75F3F1521BE}.Release|x86.ActiveCfg = Release|Any CPU
		{0C65770C-8A9D-4BEF-B42E-B75F3F1521BE}.Release|x86.Build.0 = Release|Any CPU
		{46980627-657B-4075-928F-1143A20DEC6C}.Debug|Any CPU.ActiveCfg = Debug|Any CPU
		{46980627-657B-4075-928F-1143A20DEC6C}.Debug|Any CPU.Build.0 = Debug|Any CPU
		{46980627-657B-4075-928F-1143A20DEC6C}.Debug|x64.ActiveCfg = Debug|Any CPU
		{46980627-657B-4075-928F-1143A20DEC6C}.Debug|x64.Build.0 = Debug|Any CPU
		{46980627-657B-4075-928F-1143A20DEC6C}.Debug|x86.ActiveCfg = Debug|Any CPU
		{46980627-657B-4075-928F-1143A20DEC6C}.Debug|x86.Build.0 = Debug|Any CPU
		{46980627-657B-4075-928F-1143A20DEC6C}.Release|Any CPU.ActiveCfg = Release|Any CPU
		{46980627-657B-4075-928F-1143A20DEC6C}.Release|Any CPU.Build.0 = Release|Any CPU
		{46980627-657B-4075-928F-1143A20DEC6C}.Release|x64.ActiveCfg = Release|Any CPU
		{46980627-657B-4075-928F-1143A20DEC6C}.Release|x64.Build.0 = Release|Any CPU
		{46980627-657B-4075-928F-1143A20DEC6C}.Release|x86.ActiveCfg = Release|Any CPU
		{46980627-657B-4075-928F-1143A20DEC6C}.Release|x86.Build.0 = Release|Any CPU
		{55A9E6D5-3420-4641-8B27-2CA80A74F813}.Debug|Any CPU.ActiveCfg = Debug|Any CPU
		{55A9E6D5-3420-4641-8B27-2CA80A74F813}.Debug|Any CPU.Build.0 = Debug|Any CPU
		{55A9E6D5-3420-4641-8B27-2CA80A74F813}.Debug|x64.ActiveCfg = Debug|Any CPU
		{55A9E6D5-3420-4641-8B27-2CA80A74F813}.Debug|x64.Build.0 = Debug|Any CPU
		{55A9E6D5-3420-4641-8B27-2CA80A74F813}.Debug|x86.ActiveCfg = Debug|Any CPU
		{55A9E6D5-3420-4641-8B27-2CA80A74F813}.Debug|x86.Build.0 = Debug|Any CPU
		{55A9E6D5-3420-4641-8B27-2CA80A74F813}.Release|Any CPU.ActiveCfg = Release|Any CPU
		{55A9E6D5-3420-4641-8B27-2CA80A74F813}.Release|Any CPU.Build.0 = Release|Any CPU
		{55A9E6D5-3420-4641-8B27-2CA80A74F813}.Release|x64.ActiveCfg = Release|Any CPU
		{55A9E6D5-3420-4641-8B27-2CA80A74F813}.Release|x64.Build.0 = Release|Any CPU
		{55A9E6D5-3420-4641-8B27-2CA80A74F813}.Release|x86.ActiveCfg = Release|Any CPU
		{55A9E6D5-3420-4641-8B27-2CA80A74F813}.Release|x86.Build.0 = Release|Any CPU
		{20EE22C2-6C99-4896-BCE5-2840218C5AAB}.Debug|Any CPU.ActiveCfg = Debug|Any CPU
		{20EE22C2-6C99-4896-BCE5-2840218C5AAB}.Debug|Any CPU.Build.0 = Debug|Any CPU
		{20EE22C2-6C99-4896-BCE5-2840218C5AAB}.Debug|x64.ActiveCfg = Debug|Any CPU
		{20EE22C2-6C99-4896-BCE5-2840218C5AAB}.Debug|x64.Build.0 = Debug|Any CPU
		{20EE22C2-6C99-4896-BCE5-2840218C5AAB}.Debug|x86.ActiveCfg = Debug|Any CPU
		{20EE22C2-6C99-4896-BCE5-2840218C5AAB}.Debug|x86.Build.0 = Debug|Any CPU
		{20EE22C2-6C99-4896-BCE5-2840218C5AAB}.Release|Any CPU.ActiveCfg = Release|Any CPU
		{20EE22C2-6C99-4896-BCE5-2840218C5AAB}.Release|Any CPU.Build.0 = Release|Any CPU
		{20EE22C2-6C99-4896-BCE5-2840218C5AAB}.Release|x64.ActiveCfg = Release|Any CPU
		{20EE22C2-6C99-4896-BCE5-2840218C5AAB}.Release|x64.Build.0 = Release|Any CPU
		{20EE22C2-6C99-4896-BCE5-2840218C5AAB}.Release|x86.ActiveCfg = Release|Any CPU
		{20EE22C2-6C99-4896-BCE5-2840218C5AAB}.Release|x86.Build.0 = Release|Any CPU
		{9F448FB9-7A89-4EAA-B748-6046CB1330A9}.Debug|Any CPU.ActiveCfg = Debug|Any CPU
		{9F448FB9-7A89-4EAA-B748-6046CB1330A9}.Debug|Any CPU.Build.0 = Debug|Any CPU
		{9F448FB9-7A89-4EAA-B748-6046CB1330A9}.Debug|x64.ActiveCfg = Debug|Any CPU
		{9F448FB9-7A89-4EAA-B748-6046CB1330A9}.Debug|x64.Build.0 = Debug|Any CPU
		{9F448FB9-7A89-4EAA-B748-6046CB1330A9}.Debug|x86.ActiveCfg = Debug|Any CPU
		{9F448FB9-7A89-4EAA-B748-6046CB1330A9}.Debug|x86.Build.0 = Debug|Any CPU
		{9F448FB9-7A89-4EAA-B748-6046CB1330A9}.Release|Any CPU.ActiveCfg = Release|Any CPU
		{9F448FB9-7A89-4EAA-B748-6046CB1330A9}.Release|Any CPU.Build.0 = Release|Any CPU
		{9F448FB9-7A89-4EAA-B748-6046CB1330A9}.Release|x64.ActiveCfg = Release|Any CPU
		{9F448FB9-7A89-4EAA-B748-6046CB1330A9}.Release|x64.Build.0 = Release|Any CPU
		{9F448FB9-7A89-4EAA-B748-6046CB1330A9}.Release|x86.ActiveCfg = Release|Any CPU
		{9F448FB9-7A89-4EAA-B748-6046CB1330A9}.Release|x86.Build.0 = Release|Any CPU
		{E4F3C9AD-C2AF-43F8-B26C-66EAB2D51321}.Debug|Any CPU.ActiveCfg = Debug|Any CPU
		{E4F3C9AD-C2AF-43F8-B26C-66EAB2D51321}.Debug|Any CPU.Build.0 = Debug|Any CPU
		{E4F3C9AD-C2AF-43F8-B26C-66EAB2D51321}.Debug|x64.ActiveCfg = Debug|Any CPU
		{E4F3C9AD-C2AF-43F8-B26C-66EAB2D51321}.Debug|x64.Build.0 = Debug|Any CPU
		{E4F3C9AD-C2AF-43F8-B26C-66EAB2D51321}.Debug|x86.ActiveCfg = Debug|Any CPU
		{E4F3C9AD-C2AF-43F8-B26C-66EAB2D51321}.Debug|x86.Build.0 = Debug|Any CPU
		{E4F3C9AD-C2AF-43F8-B26C-66EAB2D51321}.Release|Any CPU.ActiveCfg = Release|Any CPU
		{E4F3C9AD-C2AF-43F8-B26C-66EAB2D51321}.Release|Any CPU.Build.0 = Release|Any CPU
		{E4F3C9AD-C2AF-43F8-B26C-66EAB2D51321}.Release|x64.ActiveCfg = Release|Any CPU
		{E4F3C9AD-C2AF-43F8-B26C-66EAB2D51321}.Release|x64.Build.0 = Release|Any CPU
		{E4F3C9AD-C2AF-43F8-B26C-66EAB2D51321}.Release|x86.ActiveCfg = Release|Any CPU
		{E4F3C9AD-C2AF-43F8-B26C-66EAB2D51321}.Release|x86.Build.0 = Release|Any CPU
	EndGlobalSection
	GlobalSection(SolutionProperties) = preSolution
		HideSolutionNode = FALSE
	EndGlobalSection
	GlobalSection(NestedProjects) = preSolution
		{0C65770C-8A9D-4BEF-B42E-B75F3F1521BE} = {A90ECBAF-7DCA-476C-BDFF-9893C20232CD}
		{46980627-657B-4075-928F-1143A20DEC6C} = {A90ECBAF-7DCA-476C-BDFF-9893C20232CD}
		{9F448FB9-7A89-4EAA-B748-6046CB1330A9} = {A90ECBAF-7DCA-476C-BDFF-9893C20232CD}
		{E4F3C9AD-C2AF-43F8-B26C-66EAB2D51321} = {A90ECBAF-7DCA-476C-BDFF-9893C20232CD}
	EndGlobalSection
	GlobalSection(ExtensibilityGlobals) = postSolution
		SolutionGuid = {81962124-7F99-4AF9-807F-607F27DFCDBB}
	EndGlobalSection
EndGlobal
